
Microsoft Visual Studio Solution File, Format Version 12.00
# Visual Studio Version 17
VisualStudioVersion = 17.6.33829.357
MinimumVisualStudioVersion = 10.0.40219.1
Project("{FAE04EC0-301F-11D3-BF4B-00C04F79EFBC}") = "Practica1 Area Del Triangulo", "Practica1 Area Del Triangulo\Practica1 Area Del Triangulo.csproj", "{3632A1B1-3F57-4559-B8C3-A37B8A13A7DD}"
EndProject
Global
	GlobalSection(SolutionConfigurationPlatforms) = preSolution
		Debug|Any CPU = Debug|Any CPU
		Release|Any CPU = Release|Any CPU
	EndGlobalSection
	GlobalSection(ProjectConfigurationPlatforms) = postSolution
		{3632A1B1-3F57-4559-B8C3-A37B8A13A7DD}.Debug|Any CPU.ActiveCfg = Debug|Any CPU
		{3632A1B1-3F57-4559-B8C3-A37B8A13A7DD}.Debug|Any CPU.Build.0 = Debug|Any CPU
		{3632A1B1-3F57-4559-B8C3-A37B8A13A7DD}.Release|Any CPU.ActiveCfg = Release|Any CPU
		{3632A1B1-3F57-4559-B8C3-A37B8A13A7DD}.Release|Any CPU.Build.0 = Release|Any CPU
	EndGlobalSection
	GlobalSection(SolutionProperties) = preSolution
		HideSolutionNode = FALSE
	EndGlobalSection
	GlobalSection(ExtensibilityGlobals) = postSolution
		SolutionGuid = {886AC604-6A95-451F-8A03-A68FB1419A54}
	EndGlobalSection
EndGlobal
